
Microsoft Visual Studio Solution File, Format Version 12.00
# Visual Studio Version 16
VisualStudioVersion = 16.0.29215.179
MinimumVisualStudioVersion = 10.0.40219.1
Project("{FAE04EC0-301F-11D3-BF4B-00C04F79EFBC}") = "Calculator", "Calculator\Calculator.csproj", "{671016DF-4D42-45BC-9D74-8482211A9CD4}"
EndProject
Project("{FAE04EC0-301F-11D3-BF4B-00C04F79EFBC}") = "Calculator.Test.Unit", "Calculator.Test.Unit\Calculator.Test.Unit.csproj", "{607DCBF5-E9E6-4513-A49D-0C5132B5D3F6}"
EndProject
Global
	GlobalSection(SolutionConfigurationPlatforms) = preSolution
		Debug|Any CPU = Debug|Any CPU
		Release|Any CPU = Release|Any CPU
	EndGlobalSection
	GlobalSection(ProjectConfigurationPlatforms) = postSolution
		{671016DF-4D42-45BC-9D74-8482211A9CD4}.Debug|Any CPU.ActiveCfg = Debug|Any CPU
		{671016DF-4D42-45BC-9D74-8482211A9CD4}.Debug|Any CPU.Build.0 = Debug|Any CPU
		{671016DF-4D42-45BC-9D74-8482211A9CD4}.Release|Any CPU.ActiveCfg = Release|Any CPU
		{671016DF-4D42-45BC-9D74-8482211A9CD4}.Release|Any CPU.Build.0 = Release|Any CPU
		{607DCBF5-E9E6-4513-A49D-0C5132B5D3F6}.Debug|Any CPU.ActiveCfg = Debug|Any CPU
		{607DCBF5-E9E6-4513-A49D-0C5132B5D3F6}.Debug|Any CPU.Build.0 = Debug|Any CPU
		{607DCBF5-E9E6-4513-A49D-0C5132B5D3F6}.Release|Any CPU.ActiveCfg = Release|Any CPU
		{607DCBF5-E9E6-4513-A49D-0C5132B5D3F6}.Release|Any CPU.Build.0 = Release|Any CPU
	EndGlobalSection
	GlobalSection(SolutionProperties) = preSolution
		HideSolutionNode = FALSE
	EndGlobalSection
	GlobalSection(ExtensibilityGlobals) = postSolution
		SolutionGuid = {E830E32E-B770-4B24-B089-5E5F2F83286B}
	EndGlobalSection
EndGlobal
